// !$*UTF8*$!
{
	archiveVersion = 1;
	classes = {
	};
	objectVersion = 46;
	objects = {

/* Begin PBXBuildFile section */
		1D4D1B5A1E9314C60070FEFD /* Cocoa.framework in Frameworks */ = {isa = PBXBuildFile; fileRef = 1D4D1B591E9314C60070FEFD /* Cocoa.framework */; };
		1D4D1B5C1E9314CC0070FEFD /* GLUT.framework in Frameworks */ = {isa = PBXBuildFile; fileRef = 1D4D1B5B1E9314CC0070FEFD /* GLUT.framework */; };
		1D4D1B5E1E9314D60070FEFD /* OpenGL.framework in Frameworks */ = {isa = PBXBuildFile; fileRef = 1D4D1B5D1E9314D60070FEFD /* OpenGL.framework */; };
		1D4D1B7B1E96CE500070FEFD /* geometry.cc in Sources */ = {isa = PBXBuildFile; fileRef = 1D4D1B711E96CE500070FEFD /* geometry.cc */; };
		1D4D1B7C1E96CE500070FEFD /* interface.cc in Sources */ = {isa = PBXBuildFile; fileRef = 1D4D1B741E96CE500070FEFD /* interface.cc */; };
		1D4D1B7D1E96CE500070FEFD /* main.cc in Sources */ = {isa = PBXBuildFile; fileRef = 1D4D1B771E96CE500070FEFD /* main.cc */; };
		1D4D1B7E1E96CE500070FEFD /* Makefile in Sources */ = {isa = PBXBuildFile; fileRef = 1D4D1B781E96CE500070FEFD /* Makefile */; };
		1D4D1B7F1E96CE500070FEFD /* Point3f.cc in Sources */ = {isa = PBXBuildFile; fileRef = 1D4D1B791E96CE500070FEFD /* Point3f.cc */; };
/* End PBXBuildFile section */

/* Begin PBXCopyFilesBuildPhase section */
		1D4D1B4C1E9314B80070FEFD /* CopyFiles */ = {
			isa = PBXCopyFilesBuildPhase;
			buildActionMask = 2147483647;
			dstPath = /usr/share/man/man1/;
			dstSubfolderSpec = 0;
			files = (
			);
			runOnlyForDeploymentPostprocessing = 1;
		};
/* End PBXCopyFilesBuildPhase section */

/* Begin PBXFileReference section */
		1D4D1B4E1E9314B80070FEFD /* hw10 */ = {isa = PBXFileReference; explicitFileType = "compiled.mach-o.executable"; includeInIndex = 0; path = hw10; sourceTree = BUILT_PRODUCTS_DIR; };
		1D4D1B591E9314C60070FEFD /* Cocoa.framework */ = {isa = PBXFileReference; lastKnownFileType = wrapper.framework; name = Cocoa.framework; path = System/Library/Frameworks/Cocoa.framework; sourceTree = SDKROOT; };
		1D4D1B5B1E9314CC0070FEFD /* GLUT.framework */ = {isa = PBXFileReference; lastKnownFileType = wrapper.framework; name = GLUT.framework; path = System/Library/Frameworks/GLUT.framework; sourceTree = SDKROOT; };
		1D4D1B5D1E9314D60070FEFD /* OpenGL.framework */ = {isa = PBXFileReference; lastKnownFileType = wrapper.framework; name = OpenGL.framework; path = System/Library/Frameworks/OpenGL.framework; sourceTree = SDKROOT; };
		1D4D1B711E96CE500070FEFD /* geometry.cc */ = {isa = PBXFileReference; fileEncoding = 4; lastKnownFileType = sourcecode.cpp.cpp; path = geometry.cc; sourceTree = "<group>"; };
		1D4D1B721E96CE500070FEFD /* geometry.h */ = {isa = PBXFileReference; fileEncoding = 4; lastKnownFileType = sourcecode.c.h; path = geometry.h; sourceTree = "<group>"; };
		1D4D1B731E96CE500070FEFD /* glheader.h */ = {isa = PBXFileReference; fileEncoding = 4; lastKnownFileType = sourcecode.c.h; path = glheader.h; sourceTree = "<group>"; };
		1D4D1B741E96CE500070FEFD /* interface.cc */ = {isa = PBXFileReference; fileEncoding = 4; lastKnownFileType = sourcecode.cpp.cpp; path = interface.cc; sourceTree = "<group>"; };
		1D4D1B751E96CE500070FEFD /* interface.h */ = {isa = PBXFileReference; fileEncoding = 4; lastKnownFileType = sourcecode.c.h; path = interface.h; sourceTree = "<group>"; };
		1D4D1B761E96CE500070FEFD /* key.obj */ = {isa = PBXFileReference; fileEncoding = 4; lastKnownFileType = text; path = key.obj; sourceTree = "<group>"; };
		1D4D1B771E96CE500070FEFD /* main.cc */ = {isa = PBXFileReference; fileEncoding = 4; lastKnownFileType = sourcecode.cpp.cpp; path = main.cc; sourceTree = "<group>"; };
		1D4D1B781E96CE500070FEFD /* Makefile */ = {isa = PBXFileReference; fileEncoding = 4; lastKnownFileType = sourcecode.make; path = Makefile; sourceTree = "<group>"; };
		1D4D1B791E96CE500070FEFD /* Point3f.cc */ = {isa = PBXFileReference; fileEncoding = 4; lastKnownFileType = sourcecode.cpp.cpp; path = Point3f.cc; sourceTree = "<group>"; };
		1D4D1B7A1E96CE500070FEFD /* Point3f.h */ = {isa = PBXFileReference; fileEncoding = 4; lastKnownFileType = sourcecode.c.h; path = Point3f.h; sourceTree = "<group>"; };
		1D4D1B801E96CED60070FEFD /* butterfly.raw */ = {isa = PBXFileReference; fileEncoding = 4; lastKnownFileType = text; path = butterfly.raw; sourceTree = "<group>"; };
		1D4D1B811E96CED60070FEFD /* key.png */ = {isa = PBXFileReference; lastKnownFileType = image.png; path = key.png; sourceTree = "<group>"; };
		1D4D1B821E96CED60070FEFD /* key.raw */ = {isa = PBXFileReference; fileEncoding = 4; lastKnownFileType = text; path = key.raw; sourceTree = "<group>"; };
/* End PBXFileReference section */

/* Begin PBXFrameworksBuildPhase section */
		1D4D1B4B1E9314B80070FEFD /* Frameworks */ = {
			isa = PBXFrameworksBuildPhase;
			buildActionMask = 2147483647;
			files = (
				1D4D1B5E1E9314D60070FEFD /* OpenGL.framework in Frameworks */,
				1D4D1B5C1E9314CC0070FEFD /* GLUT.framework in Frameworks */,
				1D4D1B5A1E9314C60070FEFD /* Cocoa.framework in Frameworks */,
			);
			runOnlyForDeploymentPostprocessing = 0;
		};
/* End PBXFrameworksBuildPhase section */

/* Begin PBXGroup section */
		1D4D1B451E9314B80070FEFD = {
			isa = PBXGroup;
			children = (
				1D4D1B501E9314B80070FEFD /* hw10 */,
				1D4D1B4F1E9314B80070FEFD /* Products */,
				1D4D1B581E9314C60070FEFD /* Frameworks */,
			);
			sourceTree = "<group>";
		};
		1D4D1B4F1E9314B80070FEFD /* Products */ = {
			isa = PBXGroup;
			children = (
				1D4D1B4E1E9314B80070FEFD /* hw10 */,
			);
			name = Products;
			sourceTree = "<group>";
		};
		1D4D1B501E9314B80070FEFD /* hw10 */ = {
			isa = PBXGroup;
			children = (
				1D4D1B801E96CED60070FEFD /* butterfly.raw */,
				1D4D1B811E96CED60070FEFD /* key.png */,
				1D4D1B821E96CED60070FEFD /* key.raw */,
				1D4D1B711E96CE500070FEFD /* geometry.cc */,
				1D4D1B721E96CE500070FEFD /* geometry.h */,
				1D4D1B731E96CE500070FEFD /* glheader.h */,
				1D4D1B741E96CE500070FEFD /* interface.cc */,
				1D4D1B751E96CE500070FEFD /* interface.h */,
				1D4D1B761E96CE500070FEFD /* key.obj */,
				1D4D1B771E96CE500070FEFD /* main.cc */,
				1D4D1B781E96CE500070FEFD /* Makefile */,
				1D4D1B791E96CE500070FEFD /* Point3f.cc */,
				1D4D1B7A1E96CE500070FEFD /* Point3f.h */,
			);
			path = hw10;
			sourceTree = "<group>";
		};
		1D4D1B581E9314C60070FEFD /* Frameworks */ = {
			isa = PBXGroup;
			children = (
				1D4D1B5D1E9314D60070FEFD /* OpenGL.framework */,
				1D4D1B5B1E9314CC0070FEFD /* GLUT.framework */,
				1D4D1B591E9314C60070FEFD /* Cocoa.framework */,
			);
			name = Frameworks;
			sourceTree = "<group>";
		};
/* End PBXGroup section */

/* Begin PBXNativeTarget section */
		1D4D1B4D1E9314B80070FEFD /* hw10 */ = {
			isa = PBXNativeTarget;
			buildConfigurationList = 1D4D1B551E9314B80070FEFD /* Build configuration list for PBXNativeTarget "hw10" */;
			buildPhases = (
				1D4D1B4A1E9314B80070FEFD /* Sources */,
				1D4D1B4B1E9314B80070FEFD /* Frameworks */,
				1D4D1B4C1E9314B80070FEFD /* CopyFiles */,
			);
			buildRules = (
			);
			dependencies = (
			);
			name = hw10;
			productName = hw10;
			productReference = 1D4D1B4E1E9314B80070FEFD /* hw10 */;
			productType = "com.apple.product-type.tool";
		};
/* End PBXNativeTarget section */

/* Begin PBXProject section */
		1D4D1B461E9314B80070FEFD /* Project object */ = {
			isa = PBXProject;
			attributes = {
				LastUpgradeCheck = 0810;
				ORGANIZATIONNAME = "xingguo zhao";
				TargetAttributes = {
					1D4D1B4D1E9314B80070FEFD = {
						CreatedOnToolsVersion = 8.1;
						ProvisioningStyle = Automatic;
					};
				};
			};
			buildConfigurationList = 1D4D1B491E9314B80070FEFD /* Build configuration list for PBXProject "hw10" */;
			compatibilityVersion = "Xcode 3.2";
			developmentRegion = English;
			hasScannedForEncodings = 0;
			knownRegions = (
				en,
			);
			mainGroup = 1D4D1B451E9314B80070FEFD;
			productRefGroup = 1D4D1B4F1E9314B80070FEFD /* Products */;
			projectDirPath = "";
			projectRoot = "";
			targets = (
				1D4D1B4D1E9314B80070FEFD /* hw10 */,
			);
		};
/* End PBXProject section */

/* Begin PBXSourcesBuildPhase section */
		1D4D1B4A1E9314B80070FEFD /* Sources */ = {
			isa = PBXSourcesBuildPhase;
			buildActionMask = 2147483647;
			files = (
				1D4D1B7F1E96CE500070FEFD /* Point3f.cc in Sources */,
				1D4D1B7D1E96CE500070FEFD /* main.cc in Sources */,
				1D4D1B7B1E96CE500070FEFD /* geometry.cc in Sources */,
				1D4D1B7E1E96CE500070FEFD /* Makefile in Sources */,
				1D4D1B7C1E96CE500070FEFD /* interface.cc in Sources */,
			);
			runOnlyForDeploymentPostprocessing = 0;
		};
/* End PBXSourcesBuildPhase section */

/* Begin XCBuildConfiguration section */
		1D4D1B531E9314B80070FEFD /* Debug */ = {
			isa = XCBuildConfiguration;
			buildSettings = {
				ALWAYS_SEARCH_USER_PATHS = NO;
				CLANG_ANALYZER_NONNULL = YES;
				CLANG_CXX_LANGUAGE_STANDARD = "gnu++0x";
				CLANG_CXX_LIBRARY = "libc++";
				CLANG_ENABLE_MODULES = YES;
				CLANG_ENABLE_OBJC_ARC = YES;
				CLANG_WARN_BOOL_CONVERSION = YES;
				CLANG_WARN_CONSTANT_CONVERSION = YES;
				CLANG_WARN_DIRECT_OBJC_ISA_USAGE = YES_ERROR;
				CLANG_WARN_DOCUMENTATION_COMMENTS = YES;
				CLANG_WARN_EMPTY_BODY = YES;
				CLANG_WARN_ENUM_CONVERSION = YES;
				CLANG_WARN_INFINITE_RECURSION = YES;
				CLANG_WARN_INT_CONVERSION = YES;
				CLANG_WARN_OBJC_ROOT_CLASS = YES_ERROR;
				CLANG_WARN_SUSPICIOUS_MOVES = YES;
				CLANG_WARN_UNREACHABLE_CODE = YES;
				CLANG_WARN__DUPLICATE_METHOD_MATCH = YES;
				CODE_SIGN_IDENTITY = "-";
				COPY_PHASE_STRIP = NO;
				DEBUG_INFORMATION_FORMAT = dwarf;
				ENABLE_STRICT_OBJC_MSGSEND = YES;
				ENABLE_TESTABILITY = YES;
				GCC_C_LANGUAGE_STANDARD = gnu99;
				GCC_DYNAMIC_NO_PIC = NO;
				GCC_NO_COMMON_BLOCKS = YES;
				GCC_OPTIMIZATION_LEVEL = 0;
				GCC_PREPROCESSOR_DEFINITIONS = (
					"DEBUG=1",
					"$(inherited)",
				);
				GCC_WARN_64_TO_32_BIT_CONVERSION = YES;
				GCC_WARN_ABOUT_RETURN_TYPE = YES_ERROR;
				GCC_WARN_UNDECLARED_SELECTOR = YES;
				GCC_WARN_UNINITIALIZED_AUTOS = YES_AGGRESSIVE;
				GCC_WARN_UNUSED_FUNCTION = YES;
				GCC_WARN_UNUSED_VARIABLE = YES;
				MACOSX_DEPLOYMENT_TARGET = 10.12;
				MTL_ENABLE_DEBUG_INFO = YES;
				ONLY_ACTIVE_ARCH = YES;
				SDKROOT = macosx;
			};
			name = Debug;
		};
		1D4D1B541E9314B80070FEFD /* Release */ = {
			isa = XCBuildConfiguration;
			buildSettings = {
				ALWAYS_SEARCH_USER_PATHS = NO;
				CLANG_ANALYZER_NONNULL = YES;
				CLANG_CXX_LANGUAGE_STANDARD = "gnu++0x";
				CLANG_CXX_LIBRARY = "libc++";
				CLANG_ENABLE_MODULES = YES;
				CLANG_ENABLE_OBJC_ARC = YES;
				CLANG_WARN_BOOL_CONVERSION = YES;
				CLANG_WARN_CONSTANT_CONVERSION = YES;
				CLANG_WARN_DIRECT_OBJC_ISA_USAGE = YES_ERROR;
				CLANG_WARN_DOCUMENTATION_COMMENTS = YES;
				CLANG_WARN_EMPTY_BODY = YES;
				CLANG_WARN_ENUM_CONVERSION = YES;
				CLANG_WARN_INFINITE_RECURSION = YES;
				CLANG_WARN_INT_CONVERSION = YES;
				CLANG_WARN_OBJC_ROOT_CLASS = YES_ERROR;
				CLANG_WARN_SUSPICIOUS_MOVES = YES;
				CLANG_WARN_UNREACHABLE_CODE = YES;
				CLANG_WARN__DUPLICATE_METHOD_MATCH = YES;
				CODE_SIGN_IDENTITY = "-";
				COPY_PHASE_STRIP = NO;
				DEBUG_INFORMATION_FORMAT = "dwarf-with-dsym";
				ENABLE_NS_ASSERTIONS = NO;
				ENABLE_STRICT_OBJC_MSGSEND = YES;
				GCC_C_LANGUAGE_STANDARD = gnu99;
				GCC_NO_COMMON_BLOCKS = YES;
				GCC_WARN_64_TO_32_BIT_CONVERSION = YES;
				GCC_WARN_ABOUT_RETURN_TYPE = YES_ERROR;
				GCC_WARN_UNDECLARED_SELECTOR = YES;
				GCC_WARN_UNINITIALIZED_AUTOS = YES_AGGRESSIVE;
				GCC_WARN_UNUSED_FUNCTION = YES;
				GCC_WARN_UNUSED_VARIABLE = YES;
				MACOSX_DEPLOYMENT_TARGET = 10.12;
				MTL_ENABLE_DEBUG_INFO = NO;
				SDKROOT = macosx;
			};
			name = Release;
		};
		1D4D1B561E9314B80070FEFD /* Debug */ = {
			isa = XCBuildConfiguration;
			buildSettings = {
				PRODUCT_NAME = "$(TARGET_NAME)";
			};
			name = Debug;
		};
		1D4D1B571E9314B80070FEFD /* Release */ = {
			isa = XCBuildConfiguration;
			buildSettings = {
				PRODUCT_NAME = "$(TARGET_NAME)";
			};
			name = Release;
		};
/* End XCBuildConfiguration section */

/* Begin XCConfigurationList section */
		1D4D1B491E9314B80070FEFD /* Build configuration list for PBXProject "hw10" */ = {
			isa = XCConfigurationList;
			buildConfigurations = (
				1D4D1B531E9314B80070FEFD /* Debug */,
				1D4D1B541E9314B80070FEFD /* Release */,
			);
			defaultConfigurationIsVisible = 0;
			defaultConfigurationName = Release;
		};
		1D4D1B551E9314B80070FEFD /* Build configuration list for PBXNativeTarget "hw10" */ = {
			isa = XCConfigurationList;
			buildConfigurations = (
				1D4D1B561E9314B80070FEFD /* Debug */,
				1D4D1B571E9314B80070FEFD /* Release */,
			);
			defaultConfigurationIsVisible = 0;
			defaultConfigurationName = Release;
		};
/* End XCConfigurationList section */
	};
	rootObject = 1D4D1B461E9314B80070FEFD /* Project object */;
}
