// !$*UTF8*$!
{
	archiveVersion = 1;
	classes = {
	};
	objectVersion = 46;
	objects = {

/* Begin PBXBuildFile section */
		1D448E7D1EB8BDF0002E5749 /* GLUT.framework in Frameworks */ = {isa = PBXBuildFile; fileRef = 1D448E7C1EB8BDF0002E5749 /* GLUT.framework */; };
		1D448E7F1EB8BDF6002E5749 /* Cocoa.framework in Frameworks */ = {isa = PBXBuildFile; fileRef = 1D448E7E1EB8BDF6002E5749 /* Cocoa.framework */; };
		1D448E811EB8BDFE002E5749 /* OpenGL.framework in Frameworks */ = {isa = PBXBuildFile; fileRef = 1D448E801EB8BDFE002E5749 /* OpenGL.framework */; };
		1D448E8A1EB8E36A002E5749 /* Particle.cc in Sources */ = {isa = PBXBuildFile; fileRef = 1D448E881EB8E36A002E5749 /* Particle.cc */; };
		1D448E8C1EB8E376002E5749 /* main.cc in Sources */ = {isa = PBXBuildFile; fileRef = 1D448E8B1EB8E376002E5749 /* main.cc */; };
/* End PBXBuildFile section */

/* Begin PBXCopyFilesBuildPhase section */
		1D448E6F1EB8BDE8002E5749 /* CopyFiles */ = {
			isa = PBXCopyFilesBuildPhase;
			buildActionMask = 2147483647;
			dstPath = /usr/share/man/man1/;
			dstSubfolderSpec = 0;
			files = (
			);
			runOnlyForDeploymentPostprocessing = 1;
		};
/* End PBXCopyFilesBuildPhase section */

/* Begin PBXFileReference section */
		1D448E711EB8BDE8002E5749 /* lizi */ = {isa = PBXFileReference; explicitFileType = "compiled.mach-o.executable"; includeInIndex = 0; path = lizi; sourceTree = BUILT_PRODUCTS_DIR; };
		1D448E7C1EB8BDF0002E5749 /* GLUT.framework */ = {isa = PBXFileReference; lastKnownFileType = wrapper.framework; name = GLUT.framework; path = System/Library/Frameworks/GLUT.framework; sourceTree = SDKROOT; };
		1D448E7E1EB8BDF6002E5749 /* Cocoa.framework */ = {isa = PBXFileReference; lastKnownFileType = wrapper.framework; name = Cocoa.framework; path = System/Library/Frameworks/Cocoa.framework; sourceTree = SDKROOT; };
		1D448E801EB8BDFE002E5749 /* OpenGL.framework */ = {isa = PBXFileReference; lastKnownFileType = wrapper.framework; name = OpenGL.framework; path = System/Library/Frameworks/OpenGL.framework; sourceTree = SDKROOT; };
		1D448E881EB8E36A002E5749 /* Particle.cc */ = {isa = PBXFileReference; fileEncoding = 4; lastKnownFileType = sourcecode.cpp.cpp; path = Particle.cc; sourceTree = "<group>"; };
		1D448E891EB8E36A002E5749 /* Particle.h */ = {isa = PBXFileReference; fileEncoding = 4; lastKnownFileType = sourcecode.c.h; path = Particle.h; sourceTree = "<group>"; };
		1D448E8B1EB8E376002E5749 /* main.cc */ = {isa = PBXFileReference; fileEncoding = 4; lastKnownFileType = sourcecode.cpp.cpp; path = main.cc; sourceTree = "<group>"; };
/* End PBXFileReference section */

/* Begin PBXFrameworksBuildPhase section */
		1D448E6E1EB8BDE8002E5749 /* Frameworks */ = {
			isa = PBXFrameworksBuildPhase;
			buildActionMask = 2147483647;
			files = (
				1D448E811EB8BDFE002E5749 /* OpenGL.framework in Frameworks */,
				1D448E7F1EB8BDF6002E5749 /* Cocoa.framework in Frameworks */,
				1D448E7D1EB8BDF0002E5749 /* GLUT.framework in Frameworks */,
			);
			runOnlyForDeploymentPostprocessing = 0;
		};
/* End PBXFrameworksBuildPhase section */

/* Begin PBXGroup section */
		1D448E681EB8BDE8002E5749 = {
			isa = PBXGroup;
			children = (
				1D448E731EB8BDE8002E5749 /* lizi */,
				1D448E721EB8BDE8002E5749 /* Products */,
				1D448E7B1EB8BDEF002E5749 /* Frameworks */,
			);
			sourceTree = "<group>";
		};
		1D448E721EB8BDE8002E5749 /* Products */ = {
			isa = PBXGroup;
			children = (
				1D448E711EB8BDE8002E5749 /* lizi */,
			);
			name = Products;
			sourceTree = "<group>";
		};
		1D448E731EB8BDE8002E5749 /* lizi */ = {
			isa = PBXGroup;
			children = (
				1D448E8B1EB8E376002E5749 /* main.cc */,
				1D448E881EB8E36A002E5749 /* Particle.cc */,
				1D448E891EB8E36A002E5749 /* Particle.h */,
			);
			path = lizi;
			sourceTree = "<group>";
		};
		1D448E7B1EB8BDEF002E5749 /* Frameworks */ = {
			isa = PBXGroup;
			children = (
				1D448E801EB8BDFE002E5749 /* OpenGL.framework */,
				1D448E7E1EB8BDF6002E5749 /* Cocoa.framework */,
				1D448E7C1EB8BDF0002E5749 /* GLUT.framework */,
			);
			name = Frameworks;
			sourceTree = "<group>";
		};
/* End PBXGroup section */

/* Begin PBXNativeTarget section */
		1D448E701EB8BDE8002E5749 /* lizi */ = {
			isa = PBXNativeTarget;
			buildConfigurationList = 1D448E781EB8BDE8002E5749 /* Build configuration list for PBXNativeTarget "lizi" */;
			buildPhases = (
				1D448E6D1EB8BDE8002E5749 /* Sources */,
				1D448E6E1EB8BDE8002E5749 /* Frameworks */,
				1D448E6F1EB8BDE8002E5749 /* CopyFiles */,
			);
			buildRules = (
			);
			dependencies = (
			);
			name = lizi;
			productName = lizi;
			productReference = 1D448E711EB8BDE8002E5749 /* lizi */;
			productType = "com.apple.product-type.tool";
		};
/* End PBXNativeTarget section */

/* Begin PBXProject section */
		1D448E691EB8BDE8002E5749 /* Project object */ = {
			isa = PBXProject;
			attributes = {
				LastUpgradeCheck = 0810;
				ORGANIZATIONNAME = "xingguo zhao";
				TargetAttributes = {
					1D448E701EB8BDE8002E5749 = {
						CreatedOnToolsVersion = 8.1;
						ProvisioningStyle = Automatic;
					};
				};
			};
			buildConfigurationList = 1D448E6C1EB8BDE8002E5749 /* Build configuration list for PBXProject "lizi" */;
			compatibilityVersion = "Xcode 3.2";
			developmentRegion = English;
			hasScannedForEncodings = 0;
			knownRegions = (
				en,
			);
			mainGroup = 1D448E681EB8BDE8002E5749;
			productRefGroup = 1D448E721EB8BDE8002E5749 /* Products */;
			projectDirPath = "";
			projectRoot = "";
			targets = (
				1D448E701EB8BDE8002E5749 /* lizi */,
			);
		};
/* End PBXProject section */

/* Begin PBXSourcesBuildPhase section */
		1D448E6D1EB8BDE8002E5749 /* Sources */ = {
			isa = PBXSourcesBuildPhase;
			buildActionMask = 2147483647;
			files = (
				1D448E8C1EB8E376002E5749 /* main.cc in Sources */,
				1D448E8A1EB8E36A002E5749 /* Particle.cc in Sources */,
			);
			runOnlyForDeploymentPostprocessing = 0;
		};
/* End PBXSourcesBuildPhase section */

/* Begin XCBuildConfiguration section */
		1D448E761EB8BDE8002E5749 /* Debug */ = {
			isa = XCBuildConfiguration;
			buildSettings = {
				ALWAYS_SEARCH_USER_PATHS = NO;
				CLANG_ANALYZER_NONNULL = YES;
				CLANG_CXX_LANGUAGE_STANDARD = "gnu++0x";
				CLANG_CXX_LIBRARY = "libc++";
				CLANG_ENABLE_MODULES = YES;
				CLANG_ENABLE_OBJC_ARC = YES;
				CLANG_WARN_BOOL_CONVERSION = YES;
				CLANG_WARN_CONSTANT_CONVERSION = YES;
				CLANG_WARN_DIRECT_OBJC_ISA_USAGE = YES_ERROR;
				CLANG_WARN_DOCUMENTATION_COMMENTS = YES;
				CLANG_WARN_EMPTY_BODY = YES;
				CLANG_WARN_ENUM_CONVERSION = YES;
				CLANG_WARN_INFINITE_RECURSION = YES;
				CLANG_WARN_INT_CONVERSION = YES;
				CLANG_WARN_OBJC_ROOT_CLASS = YES_ERROR;
				CLANG_WARN_SUSPICIOUS_MOVES = YES;
				CLANG_WARN_UNREACHABLE_CODE = YES;
				CLANG_WARN__DUPLICATE_METHOD_MATCH = YES;
				CODE_SIGN_IDENTITY = "-";
				COPY_PHASE_STRIP = NO;
				DEBUG_INFORMATION_FORMAT = dwarf;
				ENABLE_STRICT_OBJC_MSGSEND = YES;
				ENABLE_TESTABILITY = YES;
				GCC_C_LANGUAGE_STANDARD = gnu99;
				GCC_DYNAMIC_NO_PIC = NO;
				GCC_NO_COMMON_BLOCKS = YES;
				GCC_OPTIMIZATION_LEVEL = 0;
				GCC_PREPROCESSOR_DEFINITIONS = (
					"DEBUG=1",
					"$(inherited)",
				);
				GCC_WARN_64_TO_32_BIT_CONVERSION = YES;
				GCC_WARN_ABOUT_RETURN_TYPE = YES_ERROR;
				GCC_WARN_UNDECLARED_SELECTOR = YES;
				GCC_WARN_UNINITIALIZED_AUTOS = YES_AGGRESSIVE;
				GCC_WARN_UNUSED_FUNCTION = YES;
				GCC_WARN_UNUSED_VARIABLE = YES;
				MACOSX_DEPLOYMENT_TARGET = 10.12;
				MTL_ENABLE_DEBUG_INFO = YES;
				ONLY_ACTIVE_ARCH = YES;
				SDKROOT = macosx;
			};
			name = Debug;
		};
		1D448E771EB8BDE8002E5749 /* Release */ = {
			isa = XCBuildConfiguration;
			buildSettings = {
				ALWAYS_SEARCH_USER_PATHS = NO;
				CLANG_ANALYZER_NONNULL = YES;
				CLANG_CXX_LANGUAGE_STANDARD = "gnu++0x";
				CLANG_CXX_LIBRARY = "libc++";
				CLANG_ENABLE_MODULES = YES;
				CLANG_ENABLE_OBJC_ARC = YES;
				CLANG_WARN_BOOL_CONVERSION = YES;
				CLANG_WARN_CONSTANT_CONVERSION = YES;
				CLANG_WARN_DIRECT_OBJC_ISA_USAGE = YES_ERROR;
				CLANG_WARN_DOCUMENTATION_COMMENTS = YES;
				CLANG_WARN_EMPTY_BODY = YES;
				CLANG_WARN_ENUM_CONVERSION = YES;
				CLANG_WARN_INFINITE_RECURSION = YES;
				CLANG_WARN_INT_CONVERSION = YES;
				CLANG_WARN_OBJC_ROOT_CLASS = YES_ERROR;
				CLANG_WARN_SUSPICIOUS_MOVES = YES;
				CLANG_WARN_UNREACHABLE_CODE = YES;
				CLANG_WARN__DUPLICATE_METHOD_MATCH = YES;
				CODE_SIGN_IDENTITY = "-";
				COPY_PHASE_STRIP = NO;
				DEBUG_INFORMATION_FORMAT = "dwarf-with-dsym";
				ENABLE_NS_ASSERTIONS = NO;
				ENABLE_STRICT_OBJC_MSGSEND = YES;
				GCC_C_LANGUAGE_STANDARD = gnu99;
				GCC_NO_COMMON_BLOCKS = YES;
				GCC_WARN_64_TO_32_BIT_CONVERSION = YES;
				GCC_WARN_ABOUT_RETURN_TYPE = YES_ERROR;
				GCC_WARN_UNDECLARED_SELECTOR = YES;
				GCC_WARN_UNINITIALIZED_AUTOS = YES_AGGRESSIVE;
				GCC_WARN_UNUSED_FUNCTION = YES;
				GCC_WARN_UNUSED_VARIABLE = YES;
				MACOSX_DEPLOYMENT_TARGET = 10.12;
				MTL_ENABLE_DEBUG_INFO = NO;
				SDKROOT = macosx;
			};
			name = Release;
		};
		1D448E791EB8BDE8002E5749 /* Debug */ = {
			isa = XCBuildConfiguration;
			buildSettings = {
				PRODUCT_NAME = "$(TARGET_NAME)";
			};
			name = Debug;
		};
		1D448E7A1EB8BDE8002E5749 /* Release */ = {
			isa = XCBuildConfiguration;
			buildSettings = {
				PRODUCT_NAME = "$(TARGET_NAME)";
			};
			name = Release;
		};
/* End XCBuildConfiguration section */

/* Begin XCConfigurationList section */
		1D448E6C1EB8BDE8002E5749 /* Build configuration list for PBXProject "lizi" */ = {
			isa = XCConfigurationList;
			buildConfigurations = (
				1D448E761EB8BDE8002E5749 /* Debug */,
				1D448E771EB8BDE8002E5749 /* Release */,
			);
			defaultConfigurationIsVisible = 0;
			defaultConfigurationName = Release;
		};
		1D448E781EB8BDE8002E5749 /* Build configuration list for PBXNativeTarget "lizi" */ = {
			isa = XCConfigurationList;
			buildConfigurations = (
				1D448E791EB8BDE8002E5749 /* Debug */,
				1D448E7A1EB8BDE8002E5749 /* Release */,
			);
			defaultConfigurationIsVisible = 0;
			defaultConfigurationName = Release;
		};
/* End XCConfigurationList section */
	};
	rootObject = 1D448E691EB8BDE8002E5749 /* Project object */;
}
