// !$*UTF8*$!
{
	archiveVersion = 1;
	classes = {
	};
	objectVersion = 46;
	objects = {

/* Begin PBXBuildFile section */
		1D448E871EB8DFD7002E5749 /* Particle.cc in Sources */ = {isa = PBXBuildFile; fileRef = 1D448E851EB8DFD7002E5749 /* Particle.cc */; };
		1D4D1B981EA4EBCA0070FEFD /* Cocoa.framework in Frameworks */ = {isa = PBXBuildFile; fileRef = 1D4D1B971EA4EBCA0070FEFD /* Cocoa.framework */; };
		1D4D1B9A1EA4EBD50070FEFD /* OpenGL.framework in Frameworks */ = {isa = PBXBuildFile; fileRef = 1D4D1B991EA4EBD50070FEFD /* OpenGL.framework */; };
		1D4D1B9C1EA4EBFE0070FEFD /* GLUT.framework in Frameworks */ = {isa = PBXBuildFile; fileRef = 1D4D1B9B1EA4EBFE0070FEFD /* GLUT.framework */; };
		1D4D1BAE1EA4EC130070FEFD /* bitmap.cc in Sources */ = {isa = PBXBuildFile; fileRef = 1D4D1B9D1EA4EC130070FEFD /* bitmap.cc */; };
		1D4D1BB01EA4EC130070FEFD /* interface.cc in Sources */ = {isa = PBXBuildFile; fileRef = 1D4D1BA31EA4EC130070FEFD /* interface.cc */; };
		1D4D1BB11EA4EC130070FEFD /* main.cc in Sources */ = {isa = PBXBuildFile; fileRef = 1D4D1BA51EA4EC130070FEFD /* main.cc */; };
		1D4D1BB21EA4EC130070FEFD /* Makefile in Sources */ = {isa = PBXBuildFile; fileRef = 1D4D1BA61EA4EC130070FEFD /* Makefile */; };
		1D4D1BB31EA4EC130070FEFD /* Maze.cc in Sources */ = {isa = PBXBuildFile; fileRef = 1D4D1BA81EA4EC130070FEFD /* Maze.cc */; };
		1D4D1BB41EA4EC130070FEFD /* Player.cc in Sources */ = {isa = PBXBuildFile; fileRef = 1D4D1BAB1EA4EC130070FEFD /* Player.cc */; };
		1D4D1BB71EA573850070FEFD /* Box.cc in Sources */ = {isa = PBXBuildFile; fileRef = 1D4D1BB61EA573850070FEFD /* Box.cc */; };
/* End PBXBuildFile section */

/* Begin PBXCopyFilesBuildPhase section */
		1D4D1B8A1EA4EB9F0070FEFD /* CopyFiles */ = {
			isa = PBXCopyFilesBuildPhase;
			buildActionMask = 2147483647;
			dstPath = /usr/share/man/man1/;
			dstSubfolderSpec = 0;
			files = (
			);
			runOnlyForDeploymentPostprocessing = 1;
		};
/* End PBXCopyFilesBuildPhase section */

/* Begin PBXFileReference section */
		1D448E851EB8DFD7002E5749 /* Particle.cc */ = {isa = PBXFileReference; fileEncoding = 4; lastKnownFileType = sourcecode.cpp.cpp; path = Particle.cc; sourceTree = "<group>"; };
		1D448E861EB8DFD7002E5749 /* Particle.h */ = {isa = PBXFileReference; fileEncoding = 4; lastKnownFileType = sourcecode.c.h; path = Particle.h; sourceTree = "<group>"; };
		1D4D1B8C1EA4EB9F0070FEFD /* hw11 */ = {isa = PBXFileReference; explicitFileType = "compiled.mach-o.executable"; includeInIndex = 0; path = hw11; sourceTree = BUILT_PRODUCTS_DIR; };
		1D4D1B971EA4EBCA0070FEFD /* Cocoa.framework */ = {isa = PBXFileReference; lastKnownFileType = wrapper.framework; name = Cocoa.framework; path = System/Library/Frameworks/Cocoa.framework; sourceTree = SDKROOT; };
		1D4D1B991EA4EBD50070FEFD /* OpenGL.framework */ = {isa = PBXFileReference; lastKnownFileType = wrapper.framework; name = OpenGL.framework; path = System/Library/Frameworks/OpenGL.framework; sourceTree = SDKROOT; };
		1D4D1B9B1EA4EBFE0070FEFD /* GLUT.framework */ = {isa = PBXFileReference; lastKnownFileType = wrapper.framework; name = GLUT.framework; path = System/Library/Frameworks/GLUT.framework; sourceTree = SDKROOT; };
		1D4D1B9D1EA4EC130070FEFD /* bitmap.cc */ = {isa = PBXFileReference; fileEncoding = 4; lastKnownFileType = sourcecode.cpp.cpp; path = bitmap.cc; sourceTree = "<group>"; };
		1D4D1B9E1EA4EC130070FEFD /* bitmap.h */ = {isa = PBXFileReference; fileEncoding = 4; lastKnownFileType = sourcecode.c.h; path = bitmap.h; sourceTree = "<group>"; };
		1D4D1BA11EA4EC130070FEFD /* C481_Hw11.pdf */ = {isa = PBXFileReference; lastKnownFileType = image.pdf; path = C481_Hw11.pdf; sourceTree = "<group>"; };
		1D4D1BA21EA4EC130070FEFD /* glheader.h */ = {isa = PBXFileReference; fileEncoding = 4; lastKnownFileType = sourcecode.c.h; path = glheader.h; sourceTree = "<group>"; };
		1D4D1BA31EA4EC130070FEFD /* interface.cc */ = {isa = PBXFileReference; fileEncoding = 4; lastKnownFileType = sourcecode.cpp.cpp; path = interface.cc; sourceTree = "<group>"; };
		1D4D1BA41EA4EC130070FEFD /* interface.h */ = {isa = PBXFileReference; fileEncoding = 4; lastKnownFileType = sourcecode.c.h; path = interface.h; sourceTree = "<group>"; };
		1D4D1BA51EA4EC130070FEFD /* main.cc */ = {isa = PBXFileReference; fileEncoding = 4; lastKnownFileType = sourcecode.cpp.cpp; path = main.cc; sourceTree = "<group>"; };
		1D4D1BA61EA4EC130070FEFD /* Makefile */ = {isa = PBXFileReference; fileEncoding = 4; lastKnownFileType = sourcecode.make; path = Makefile; sourceTree = "<group>"; };
		1D4D1BA81EA4EC130070FEFD /* Maze.cc */ = {isa = PBXFileReference; fileEncoding = 4; lastKnownFileType = sourcecode.cpp.cpp; path = Maze.cc; sourceTree = "<group>"; };
		1D4D1BA91EA4EC130070FEFD /* Maze.h */ = {isa = PBXFileReference; fileEncoding = 4; lastKnownFileType = sourcecode.c.h; path = Maze.h; sourceTree = "<group>"; };
		1D4D1BAB1EA4EC130070FEFD /* Player.cc */ = {isa = PBXFileReference; fileEncoding = 4; lastKnownFileType = sourcecode.cpp.cpp; path = Player.cc; sourceTree = "<group>"; };
		1D4D1BAC1EA4EC130070FEFD /* Player.h */ = {isa = PBXFileReference; fileEncoding = 4; lastKnownFileType = sourcecode.c.h; path = Player.h; sourceTree = "<group>"; };
		1D4D1BB51EA5737C0070FEFD /* Box.h */ = {isa = PBXFileReference; lastKnownFileType = sourcecode.c.h; path = Box.h; sourceTree = "<group>"; };
		1D4D1BB61EA573850070FEFD /* Box.cc */ = {isa = PBXFileReference; fileEncoding = 4; lastKnownFileType = sourcecode.cpp.cpp; path = Box.cc; sourceTree = "<group>"; };
/* End PBXFileReference section */

/* Begin PBXFrameworksBuildPhase section */
		1D4D1B891EA4EB9F0070FEFD /* Frameworks */ = {
			isa = PBXFrameworksBuildPhase;
			buildActionMask = 2147483647;
			files = (
				1D4D1B9C1EA4EBFE0070FEFD /* GLUT.framework in Frameworks */,
				1D4D1B9A1EA4EBD50070FEFD /* OpenGL.framework in Frameworks */,
				1D4D1B981EA4EBCA0070FEFD /* Cocoa.framework in Frameworks */,
			);
			runOnlyForDeploymentPostprocessing = 0;
		};
/* End PBXFrameworksBuildPhase section */

/* Begin PBXGroup section */
		1D4D1B831EA4EB9F0070FEFD = {
			isa = PBXGroup;
			children = (
				1D4D1B8E1EA4EB9F0070FEFD /* hw11 */,
				1D4D1B8D1EA4EB9F0070FEFD /* Products */,
				1D4D1B961EA4EBCA0070FEFD /* Frameworks */,
			);
			sourceTree = "<group>";
		};
		1D4D1B8D1EA4EB9F0070FEFD /* Products */ = {
			isa = PBXGroup;
			children = (
				1D4D1B8C1EA4EB9F0070FEFD /* hw11 */,
			);
			name = Products;
			sourceTree = "<group>";
		};
		1D4D1B8E1EA4EB9F0070FEFD /* hw11 */ = {
			isa = PBXGroup;
			children = (
				1D448E851EB8DFD7002E5749 /* Particle.cc */,
				1D448E861EB8DFD7002E5749 /* Particle.h */,
				1D4D1B9D1EA4EC130070FEFD /* bitmap.cc */,
				1D4D1B9E1EA4EC130070FEFD /* bitmap.h */,
				1D4D1BA11EA4EC130070FEFD /* C481_Hw11.pdf */,
				1D4D1BA21EA4EC130070FEFD /* glheader.h */,
				1D4D1BA31EA4EC130070FEFD /* interface.cc */,
				1D4D1BA41EA4EC130070FEFD /* interface.h */,
				1D4D1BA51EA4EC130070FEFD /* main.cc */,
				1D4D1BB61EA573850070FEFD /* Box.cc */,
				1D4D1BB51EA5737C0070FEFD /* Box.h */,
				1D4D1BA61EA4EC130070FEFD /* Makefile */,
				1D4D1BA81EA4EC130070FEFD /* Maze.cc */,
				1D4D1BA91EA4EC130070FEFD /* Maze.h */,
				1D4D1BAB1EA4EC130070FEFD /* Player.cc */,
				1D4D1BAC1EA4EC130070FEFD /* Player.h */,
			);
			path = hw11;
			sourceTree = "<group>";
		};
		1D4D1B961EA4EBCA0070FEFD /* Frameworks */ = {
			isa = PBXGroup;
			children = (
				1D4D1B9B1EA4EBFE0070FEFD /* GLUT.framework */,
				1D4D1B991EA4EBD50070FEFD /* OpenGL.framework */,
				1D4D1B971EA4EBCA0070FEFD /* Cocoa.framework */,
			);
			name = Frameworks;
			sourceTree = "<group>";
		};
/* End PBXGroup section */

/* Begin PBXNativeTarget section */
		1D4D1B8B1EA4EB9F0070FEFD /* hw11 */ = {
			isa = PBXNativeTarget;
			buildConfigurationList = 1D4D1B931EA4EB9F0070FEFD /* Build configuration list for PBXNativeTarget "hw11" */;
			buildPhases = (
				1D4D1B881EA4EB9F0070FEFD /* Sources */,
				1D4D1B891EA4EB9F0070FEFD /* Frameworks */,
				1D4D1B8A1EA4EB9F0070FEFD /* CopyFiles */,
			);
			buildRules = (
			);
			dependencies = (
			);
			name = hw11;
			productName = hw11;
			productReference = 1D4D1B8C1EA4EB9F0070FEFD /* hw11 */;
			productType = "com.apple.product-type.tool";
		};
/* End PBXNativeTarget section */

/* Begin PBXProject section */
		1D4D1B841EA4EB9F0070FEFD /* Project object */ = {
			isa = PBXProject;
			attributes = {
				LastUpgradeCheck = 0810;
				ORGANIZATIONNAME = "xingguo zhao";
				TargetAttributes = {
					1D4D1B8B1EA4EB9F0070FEFD = {
						CreatedOnToolsVersion = 8.1;
						ProvisioningStyle = Automatic;
					};
				};
			};
			buildConfigurationList = 1D4D1B871EA4EB9F0070FEFD /* Build configuration list for PBXProject "hw11" */;
			compatibilityVersion = "Xcode 3.2";
			developmentRegion = English;
			hasScannedForEncodings = 0;
			knownRegions = (
				en,
			);
			mainGroup = 1D4D1B831EA4EB9F0070FEFD;
			productRefGroup = 1D4D1B8D1EA4EB9F0070FEFD /* Products */;
			projectDirPath = "";
			projectRoot = "";
			targets = (
				1D4D1B8B1EA4EB9F0070FEFD /* hw11 */,
			);
		};
/* End PBXProject section */

/* Begin PBXSourcesBuildPhase section */
		1D4D1B881EA4EB9F0070FEFD /* Sources */ = {
			isa = PBXSourcesBuildPhase;
			buildActionMask = 2147483647;
			files = (
				1D4D1BB21EA4EC130070FEFD /* Makefile in Sources */,
				1D4D1BAE1EA4EC130070FEFD /* bitmap.cc in Sources */,
				1D4D1BB71EA573850070FEFD /* Box.cc in Sources */,
				1D4D1BB41EA4EC130070FEFD /* Player.cc in Sources */,
				1D4D1BB01EA4EC130070FEFD /* interface.cc in Sources */,
				1D4D1BB31EA4EC130070FEFD /* Maze.cc in Sources */,
				1D448E871EB8DFD7002E5749 /* Particle.cc in Sources */,
				1D4D1BB11EA4EC130070FEFD /* main.cc in Sources */,
			);
			runOnlyForDeploymentPostprocessing = 0;
		};
/* End PBXSourcesBuildPhase section */

/* Begin XCBuildConfiguration section */
		1D4D1B911EA4EB9F0070FEFD /* Debug */ = {
			isa = XCBuildConfiguration;
			buildSettings = {
				ALWAYS_SEARCH_USER_PATHS = NO;
				CLANG_ANALYZER_NONNULL = YES;
				CLANG_CXX_LANGUAGE_STANDARD = "gnu++0x";
				CLANG_CXX_LIBRARY = "libc++";
				CLANG_ENABLE_MODULES = YES;
				CLANG_ENABLE_OBJC_ARC = YES;
				CLANG_WARN_BOOL_CONVERSION = YES;
				CLANG_WARN_CONSTANT_CONVERSION = YES;
				CLANG_WARN_DIRECT_OBJC_ISA_USAGE = YES_ERROR;
				CLANG_WARN_DOCUMENTATION_COMMENTS = YES;
				CLANG_WARN_EMPTY_BODY = YES;
				CLANG_WARN_ENUM_CONVERSION = YES;
				CLANG_WARN_INFINITE_RECURSION = YES;
				CLANG_WARN_INT_CONVERSION = YES;
				CLANG_WARN_OBJC_ROOT_CLASS = YES_ERROR;
				CLANG_WARN_SUSPICIOUS_MOVES = YES;
				CLANG_WARN_UNREACHABLE_CODE = YES;
				CLANG_WARN__DUPLICATE_METHOD_MATCH = YES;
				CODE_SIGN_IDENTITY = "-";
				COPY_PHASE_STRIP = NO;
				DEBUG_INFORMATION_FORMAT = dwarf;
				ENABLE_STRICT_OBJC_MSGSEND = YES;
				ENABLE_TESTABILITY = YES;
				GCC_C_LANGUAGE_STANDARD = gnu99;
				GCC_DYNAMIC_NO_PIC = NO;
				GCC_NO_COMMON_BLOCKS = YES;
				GCC_OPTIMIZATION_LEVEL = 0;
				GCC_PREPROCESSOR_DEFINITIONS = (
					"DEBUG=1",
					"$(inherited)",
				);
				GCC_WARN_64_TO_32_BIT_CONVERSION = YES;
				GCC_WARN_ABOUT_RETURN_TYPE = YES_ERROR;
				GCC_WARN_UNDECLARED_SELECTOR = YES;
				GCC_WARN_UNINITIALIZED_AUTOS = YES_AGGRESSIVE;
				GCC_WARN_UNUSED_FUNCTION = YES;
				GCC_WARN_UNUSED_VARIABLE = YES;
				MACOSX_DEPLOYMENT_TARGET = 10.12;
				MTL_ENABLE_DEBUG_INFO = YES;
				ONLY_ACTIVE_ARCH = YES;
				SDKROOT = macosx;
			};
			name = Debug;
		};
		1D4D1B921EA4EB9F0070FEFD /* Release */ = {
			isa = XCBuildConfiguration;
			buildSettings = {
				ALWAYS_SEARCH_USER_PATHS = NO;
				CLANG_ANALYZER_NONNULL = YES;
				CLANG_CXX_LANGUAGE_STANDARD = "gnu++0x";
				CLANG_CXX_LIBRARY = "libc++";
				CLANG_ENABLE_MODULES = YES;
				CLANG_ENABLE_OBJC_ARC = YES;
				CLANG_WARN_BOOL_CONVERSION = YES;
				CLANG_WARN_CONSTANT_CONVERSION = YES;
				CLANG_WARN_DIRECT_OBJC_ISA_USAGE = YES_ERROR;
				CLANG_WARN_DOCUMENTATION_COMMENTS = YES;
				CLANG_WARN_EMPTY_BODY = YES;
				CLANG_WARN_ENUM_CONVERSION = YES;
				CLANG_WARN_INFINITE_RECURSION = YES;
				CLANG_WARN_INT_CONVERSION = YES;
				CLANG_WARN_OBJC_ROOT_CLASS = YES_ERROR;
				CLANG_WARN_SUSPICIOUS_MOVES = YES;
				CLANG_WARN_UNREACHABLE_CODE = YES;
				CLANG_WARN__DUPLICATE_METHOD_MATCH = YES;
				CODE_SIGN_IDENTITY = "-";
				COPY_PHASE_STRIP = NO;
				DEBUG_INFORMATION_FORMAT = "dwarf-with-dsym";
				ENABLE_NS_ASSERTIONS = NO;
				ENABLE_STRICT_OBJC_MSGSEND = YES;
				GCC_C_LANGUAGE_STANDARD = gnu99;
				GCC_NO_COMMON_BLOCKS = YES;
				GCC_WARN_64_TO_32_BIT_CONVERSION = YES;
				GCC_WARN_ABOUT_RETURN_TYPE = YES_ERROR;
				GCC_WARN_UNDECLARED_SELECTOR = YES;
				GCC_WARN_UNINITIALIZED_AUTOS = YES_AGGRESSIVE;
				GCC_WARN_UNUSED_FUNCTION = YES;
				GCC_WARN_UNUSED_VARIABLE = YES;
				MACOSX_DEPLOYMENT_TARGET = 10.12;
				MTL_ENABLE_DEBUG_INFO = NO;
				SDKROOT = macosx;
			};
			name = Release;
		};
		1D4D1B941EA4EB9F0070FEFD /* Debug */ = {
			isa = XCBuildConfiguration;
			buildSettings = {
				PRODUCT_NAME = "$(TARGET_NAME)";
			};
			name = Debug;
		};
		1D4D1B951EA4EB9F0070FEFD /* Release */ = {
			isa = XCBuildConfiguration;
			buildSettings = {
				PRODUCT_NAME = "$(TARGET_NAME)";
			};
			name = Release;
		};
/* End XCBuildConfiguration section */

/* Begin XCConfigurationList section */
		1D4D1B871EA4EB9F0070FEFD /* Build configuration list for PBXProject "hw11" */ = {
			isa = XCConfigurationList;
			buildConfigurations = (
				1D4D1B911EA4EB9F0070FEFD /* Debug */,
				1D4D1B921EA4EB9F0070FEFD /* Release */,
			);
			defaultConfigurationIsVisible = 0;
			defaultConfigurationName = Release;
		};
		1D4D1B931EA4EB9F0070FEFD /* Build configuration list for PBXNativeTarget "hw11" */ = {
			isa = XCConfigurationList;
			buildConfigurations = (
				1D4D1B941EA4EB9F0070FEFD /* Debug */,
				1D4D1B951EA4EB9F0070FEFD /* Release */,
			);
			defaultConfigurationIsVisible = 0;
			defaultConfigurationName = Release;
		};
/* End XCConfigurationList section */
	};
	rootObject = 1D4D1B841EA4EB9F0070FEFD /* Project object */;
}
