// !$*UTF8*$!
{
	archiveVersion = 1;
	classes = {
	};
	objectVersion = 46;
	objects = {

/* Begin PBXBuildFile section */
		1D67B2C41E4A19CB007F5449 /* Cocoa.framework in Frameworks */ = {isa = PBXBuildFile; fileRef = 1D67B2C31E4A19CB007F5449 /* Cocoa.framework */; };
		1D67B2C61E4A19D3007F5449 /* GLUT.framework in Frameworks */ = {isa = PBXBuildFile; fileRef = 1D67B2C51E4A19D3007F5449 /* GLUT.framework */; };
		1D67B2C81E4A19E9007F5449 /* OpenGL.framework in Frameworks */ = {isa = PBXBuildFile; fileRef = 1D67B2C71E4A19E9007F5449 /* OpenGL.framework */; };
		1D67B2D21E4A1A02007F5449 /* Ball.cc in Sources */ = {isa = PBXBuildFile; fileRef = 1D67B2C91E4A1A02007F5449 /* Ball.cc */; };
		1D67B2D31E4A1A02007F5449 /* brickbreak.cc in Sources */ = {isa = PBXBuildFile; fileRef = 1D67B2CB1E4A1A02007F5449 /* brickbreak.cc */; };
		1D67B2D41E4A1A02007F5449 /* main.cc in Sources */ = {isa = PBXBuildFile; fileRef = 1D67B2CF1E4A1A02007F5449 /* main.cc */; };
		1D67B2D51E4A1A02007F5449 /* Makefile in Sources */ = {isa = PBXBuildFile; fileRef = 1D67B2D01E4A1A02007F5449 /* Makefile */; };
		1D67B2D71E4A9CAF007F5449 /* Paddle.cc in Sources */ = {isa = PBXBuildFile; fileRef = 1D67B2D61E4A9CAF007F5449 /* Paddle.cc */; };
/* End PBXBuildFile section */

/* Begin PBXCopyFilesBuildPhase section */
		1D67B2B61E4A19B5007F5449 /* CopyFiles */ = {
			isa = PBXCopyFilesBuildPhase;
			buildActionMask = 2147483647;
			dstPath = /usr/share/man/man1/;
			dstSubfolderSpec = 0;
			files = (
			);
			runOnlyForDeploymentPostprocessing = 1;
		};
/* End PBXCopyFilesBuildPhase section */

/* Begin PBXFileReference section */
		1D67B2B81E4A19B5007F5449 /* hw4 */ = {isa = PBXFileReference; explicitFileType = "compiled.mach-o.executable"; includeInIndex = 0; path = hw4; sourceTree = BUILT_PRODUCTS_DIR; };
		1D67B2C31E4A19CB007F5449 /* Cocoa.framework */ = {isa = PBXFileReference; lastKnownFileType = wrapper.framework; name = Cocoa.framework; path = System/Library/Frameworks/Cocoa.framework; sourceTree = SDKROOT; };
		1D67B2C51E4A19D3007F5449 /* GLUT.framework */ = {isa = PBXFileReference; lastKnownFileType = wrapper.framework; name = GLUT.framework; path = System/Library/Frameworks/GLUT.framework; sourceTree = SDKROOT; };
		1D67B2C71E4A19E9007F5449 /* OpenGL.framework */ = {isa = PBXFileReference; lastKnownFileType = wrapper.framework; name = OpenGL.framework; path = System/Library/Frameworks/OpenGL.framework; sourceTree = SDKROOT; };
		1D67B2C91E4A1A02007F5449 /* Ball.cc */ = {isa = PBXFileReference; fileEncoding = 4; lastKnownFileType = sourcecode.cpp.cpp; name = Ball.cc; path = "../../../../../../../Volumes/SD/Downloads/Homework 4/Ball.cc"; sourceTree = "<group>"; };
		1D67B2CA1E4A1A02007F5449 /* Ball.h */ = {isa = PBXFileReference; fileEncoding = 4; lastKnownFileType = sourcecode.c.h; name = Ball.h; path = "../../../../../../../Volumes/SD/Downloads/Homework 4/Ball.h"; sourceTree = "<group>"; };
		1D67B2CB1E4A1A02007F5449 /* brickbreak.cc */ = {isa = PBXFileReference; fileEncoding = 4; lastKnownFileType = sourcecode.cpp.cpp; name = brickbreak.cc; path = "../../../../../../../Volumes/SD/Downloads/Homework 4/brickbreak.cc"; sourceTree = "<group>"; };
		1D67B2CC1E4A1A02007F5449 /* brickbreak.h */ = {isa = PBXFileReference; fileEncoding = 4; lastKnownFileType = sourcecode.c.h; name = brickbreak.h; path = "../../../../../../../Volumes/SD/Downloads/Homework 4/brickbreak.h"; sourceTree = "<group>"; };
		1D67B2CD1E4A1A02007F5449 /* C481_Hw4.pdf */ = {isa = PBXFileReference; lastKnownFileType = image.pdf; name = C481_Hw4.pdf; path = "../../../../../../../Volumes/SD/Downloads/Homework 4/C481_Hw4.pdf"; sourceTree = "<group>"; };
		1D67B2CE1E4A1A02007F5449 /* glheader.h */ = {isa = PBXFileReference; fileEncoding = 4; lastKnownFileType = sourcecode.c.h; name = glheader.h; path = "../../../../../../../Volumes/SD/Downloads/Homework 4/glheader.h"; sourceTree = "<group>"; };
		1D67B2CF1E4A1A02007F5449 /* main.cc */ = {isa = PBXFileReference; fileEncoding = 4; lastKnownFileType = sourcecode.cpp.cpp; name = main.cc; path = "../../../../../../../Volumes/SD/Downloads/Homework 4/main.cc"; sourceTree = "<group>"; };
		1D67B2D01E4A1A02007F5449 /* Makefile */ = {isa = PBXFileReference; fileEncoding = 4; lastKnownFileType = sourcecode.make; name = Makefile; path = "../../../../../../../Volumes/SD/Downloads/Homework 4/Makefile"; sourceTree = "<group>"; };
		1D67B2D11E4A1A02007F5449 /* Paddle.h */ = {isa = PBXFileReference; fileEncoding = 4; lastKnownFileType = sourcecode.c.h; name = Paddle.h; path = "../../../../../../../Volumes/SD/Downloads/Homework 4/Paddle.h"; sourceTree = "<group>"; };
		1D67B2D61E4A9CAF007F5449 /* Paddle.cc */ = {isa = PBXFileReference; fileEncoding = 4; lastKnownFileType = sourcecode.cpp.cpp; path = Paddle.cc; sourceTree = "<group>"; };
/* End PBXFileReference section */

/* Begin PBXFrameworksBuildPhase section */
		1D67B2B51E4A19B5007F5449 /* Frameworks */ = {
			isa = PBXFrameworksBuildPhase;
			buildActionMask = 2147483647;
			files = (
				1D67B2C81E4A19E9007F5449 /* OpenGL.framework in Frameworks */,
				1D67B2C61E4A19D3007F5449 /* GLUT.framework in Frameworks */,
				1D67B2C41E4A19CB007F5449 /* Cocoa.framework in Frameworks */,
			);
			runOnlyForDeploymentPostprocessing = 0;
		};
/* End PBXFrameworksBuildPhase section */

/* Begin PBXGroup section */
		1D67B2AF1E4A19B5007F5449 = {
			isa = PBXGroup;
			children = (
				1D67B2BA1E4A19B5007F5449 /* hw4 */,
				1D67B2B91E4A19B5007F5449 /* Products */,
				1D67B2C21E4A19CB007F5449 /* Frameworks */,
			);
			sourceTree = "<group>";
		};
		1D67B2B91E4A19B5007F5449 /* Products */ = {
			isa = PBXGroup;
			children = (
				1D67B2B81E4A19B5007F5449 /* hw4 */,
			);
			name = Products;
			sourceTree = "<group>";
		};
		1D67B2BA1E4A19B5007F5449 /* hw4 */ = {
			isa = PBXGroup;
			children = (
				1D67B2C91E4A1A02007F5449 /* Ball.cc */,
				1D67B2CA1E4A1A02007F5449 /* Ball.h */,
				1D67B2CB1E4A1A02007F5449 /* brickbreak.cc */,
				1D67B2CC1E4A1A02007F5449 /* brickbreak.h */,
				1D67B2CD1E4A1A02007F5449 /* C481_Hw4.pdf */,
				1D67B2CF1E4A1A02007F5449 /* main.cc */,
				1D67B2CE1E4A1A02007F5449 /* glheader.h */,
				1D67B2D01E4A1A02007F5449 /* Makefile */,
				1D67B2D11E4A1A02007F5449 /* Paddle.h */,
				1D67B2D61E4A9CAF007F5449 /* Paddle.cc */,
			);
			path = hw4;
			sourceTree = "<group>";
		};
		1D67B2C21E4A19CB007F5449 /* Frameworks */ = {
			isa = PBXGroup;
			children = (
				1D67B2C71E4A19E9007F5449 /* OpenGL.framework */,
				1D67B2C51E4A19D3007F5449 /* GLUT.framework */,
				1D67B2C31E4A19CB007F5449 /* Cocoa.framework */,
			);
			name = Frameworks;
			sourceTree = "<group>";
		};
/* End PBXGroup section */

/* Begin PBXNativeTarget section */
		1D67B2B71E4A19B5007F5449 /* hw4 */ = {
			isa = PBXNativeTarget;
			buildConfigurationList = 1D67B2BF1E4A19B5007F5449 /* Build configuration list for PBXNativeTarget "hw4" */;
			buildPhases = (
				1D67B2B41E4A19B5007F5449 /* Sources */,
				1D67B2B51E4A19B5007F5449 /* Frameworks */,
				1D67B2B61E4A19B5007F5449 /* CopyFiles */,
			);
			buildRules = (
			);
			dependencies = (
			);
			name = hw4;
			productName = hw4;
			productReference = 1D67B2B81E4A19B5007F5449 /* hw4 */;
			productType = "com.apple.product-type.tool";
		};
/* End PBXNativeTarget section */

/* Begin PBXProject section */
		1D67B2B01E4A19B5007F5449 /* Project object */ = {
			isa = PBXProject;
			attributes = {
				LastUpgradeCheck = 0810;
				ORGANIZATIONNAME = "xingguo zhao";
				TargetAttributes = {
					1D67B2B71E4A19B5007F5449 = {
						CreatedOnToolsVersion = 8.1;
						ProvisioningStyle = Automatic;
					};
				};
			};
			buildConfigurationList = 1D67B2B31E4A19B5007F5449 /* Build configuration list for PBXProject "hw4" */;
			compatibilityVersion = "Xcode 3.2";
			developmentRegion = English;
			hasScannedForEncodings = 0;
			knownRegions = (
				en,
			);
			mainGroup = 1D67B2AF1E4A19B5007F5449;
			productRefGroup = 1D67B2B91E4A19B5007F5449 /* Products */;
			projectDirPath = "";
			projectRoot = "";
			targets = (
				1D67B2B71E4A19B5007F5449 /* hw4 */,
			);
		};
/* End PBXProject section */

/* Begin PBXSourcesBuildPhase section */
		1D67B2B41E4A19B5007F5449 /* Sources */ = {
			isa = PBXSourcesBuildPhase;
			buildActionMask = 2147483647;
			files = (
				1D67B2D41E4A1A02007F5449 /* main.cc in Sources */,
				1D67B2D21E4A1A02007F5449 /* Ball.cc in Sources */,
				1D67B2D51E4A1A02007F5449 /* Makefile in Sources */,
				1D67B2D31E4A1A02007F5449 /* brickbreak.cc in Sources */,
				1D67B2D71E4A9CAF007F5449 /* Paddle.cc in Sources */,
			);
			runOnlyForDeploymentPostprocessing = 0;
		};
/* End PBXSourcesBuildPhase section */

/* Begin XCBuildConfiguration section */
		1D67B2BD1E4A19B5007F5449 /* Debug */ = {
			isa = XCBuildConfiguration;
			buildSettings = {
				ALWAYS_SEARCH_USER_PATHS = NO;
				CLANG_ANALYZER_NONNULL = YES;
				CLANG_CXX_LANGUAGE_STANDARD = "gnu++0x";
				CLANG_CXX_LIBRARY = "libc++";
				CLANG_ENABLE_MODULES = YES;
				CLANG_ENABLE_OBJC_ARC = YES;
				CLANG_WARN_BOOL_CONVERSION = YES;
				CLANG_WARN_CONSTANT_CONVERSION = YES;
				CLANG_WARN_DIRECT_OBJC_ISA_USAGE = YES_ERROR;
				CLANG_WARN_DOCUMENTATION_COMMENTS = YES;
				CLANG_WARN_EMPTY_BODY = YES;
				CLANG_WARN_ENUM_CONVERSION = YES;
				CLANG_WARN_INFINITE_RECURSION = YES;
				CLANG_WARN_INT_CONVERSION = YES;
				CLANG_WARN_OBJC_ROOT_CLASS = YES_ERROR;
				CLANG_WARN_SUSPICIOUS_MOVES = YES;
				CLANG_WARN_UNREACHABLE_CODE = YES;
				CLANG_WARN__DUPLICATE_METHOD_MATCH = YES;
				CODE_SIGN_IDENTITY = "-";
				COPY_PHASE_STRIP = NO;
				DEBUG_INFORMATION_FORMAT = dwarf;
				ENABLE_STRICT_OBJC_MSGSEND = YES;
				ENABLE_TESTABILITY = YES;
				GCC_C_LANGUAGE_STANDARD = gnu99;
				GCC_DYNAMIC_NO_PIC = NO;
				GCC_NO_COMMON_BLOCKS = YES;
				GCC_OPTIMIZATION_LEVEL = 0;
				GCC_PREPROCESSOR_DEFINITIONS = (
					"DEBUG=1",
					"$(inherited)",
				);
				GCC_WARN_64_TO_32_BIT_CONVERSION = YES;
				GCC_WARN_ABOUT_RETURN_TYPE = YES_ERROR;
				GCC_WARN_UNDECLARED_SELECTOR = YES;
				GCC_WARN_UNINITIALIZED_AUTOS = YES_AGGRESSIVE;
				GCC_WARN_UNUSED_FUNCTION = YES;
				GCC_WARN_UNUSED_VARIABLE = YES;
				MACOSX_DEPLOYMENT_TARGET = 10.12;
				MTL_ENABLE_DEBUG_INFO = YES;
				ONLY_ACTIVE_ARCH = YES;
				SDKROOT = macosx;
			};
			name = Debug;
		};
		1D67B2BE1E4A19B5007F5449 /* Release */ = {
			isa = XCBuildConfiguration;
			buildSettings = {
				ALWAYS_SEARCH_USER_PATHS = NO;
				CLANG_ANALYZER_NONNULL = YES;
				CLANG_CXX_LANGUAGE_STANDARD = "gnu++0x";
				CLANG_CXX_LIBRARY = "libc++";
				CLANG_ENABLE_MODULES = YES;
				CLANG_ENABLE_OBJC_ARC = YES;
				CLANG_WARN_BOOL_CONVERSION = YES;
				CLANG_WARN_CONSTANT_CONVERSION = YES;
				CLANG_WARN_DIRECT_OBJC_ISA_USAGE = YES_ERROR;
				CLANG_WARN_DOCUMENTATION_COMMENTS = YES;
				CLANG_WARN_EMPTY_BODY = YES;
				CLANG_WARN_ENUM_CONVERSION = YES;
				CLANG_WARN_INFINITE_RECURSION = YES;
				CLANG_WARN_INT_CONVERSION = YES;
				CLANG_WARN_OBJC_ROOT_CLASS = YES_ERROR;
				CLANG_WARN_SUSPICIOUS_MOVES = YES;
				CLANG_WARN_UNREACHABLE_CODE = YES;
				CLANG_WARN__DUPLICATE_METHOD_MATCH = YES;
				CODE_SIGN_IDENTITY = "-";
				COPY_PHASE_STRIP = NO;
				DEBUG_INFORMATION_FORMAT = "dwarf-with-dsym";
				ENABLE_NS_ASSERTIONS = NO;
				ENABLE_STRICT_OBJC_MSGSEND = YES;
				GCC_C_LANGUAGE_STANDARD = gnu99;
				GCC_NO_COMMON_BLOCKS = YES;
				GCC_WARN_64_TO_32_BIT_CONVERSION = YES;
				GCC_WARN_ABOUT_RETURN_TYPE = YES_ERROR;
				GCC_WARN_UNDECLARED_SELECTOR = YES;
				GCC_WARN_UNINITIALIZED_AUTOS = YES_AGGRESSIVE;
				GCC_WARN_UNUSED_FUNCTION = YES;
				GCC_WARN_UNUSED_VARIABLE = YES;
				MACOSX_DEPLOYMENT_TARGET = 10.12;
				MTL_ENABLE_DEBUG_INFO = NO;
				SDKROOT = macosx;
			};
			name = Release;
		};
		1D67B2C01E4A19B5007F5449 /* Debug */ = {
			isa = XCBuildConfiguration;
			buildSettings = {
				PRODUCT_NAME = "$(TARGET_NAME)";
			};
			name = Debug;
		};
		1D67B2C11E4A19B5007F5449 /* Release */ = {
			isa = XCBuildConfiguration;
			buildSettings = {
				PRODUCT_NAME = "$(TARGET_NAME)";
			};
			name = Release;
		};
/* End XCBuildConfiguration section */

/* Begin XCConfigurationList section */
		1D67B2B31E4A19B5007F5449 /* Build configuration list for PBXProject "hw4" */ = {
			isa = XCConfigurationList;
			buildConfigurations = (
				1D67B2BD1E4A19B5007F5449 /* Debug */,
				1D67B2BE1E4A19B5007F5449 /* Release */,
			);
			defaultConfigurationIsVisible = 0;
			defaultConfigurationName = Release;
		};
		1D67B2BF1E4A19B5007F5449 /* Build configuration list for PBXNativeTarget "hw4" */ = {
			isa = XCConfigurationList;
			buildConfigurations = (
				1D67B2C01E4A19B5007F5449 /* Debug */,
				1D67B2C11E4A19B5007F5449 /* Release */,
			);
			defaultConfigurationIsVisible = 0;
			defaultConfigurationName = Release;
		};
/* End XCConfigurationList section */
	};
	rootObject = 1D67B2B01E4A19B5007F5449 /* Project object */;
}
